
Microsoft Visual Studio Solution File, Format Version 12.00
# Visual Studio Version 17
VisualStudioVersion = 17.7.34221.43
MinimumVisualStudioVersion = 10.0.40219.1
Project("{FAE04EC0-301F-11D3-BF4B-00C04F79EFBC}") = "POO2", "POO2.csproj", "{F6243ED9-DA75-4361-95CE-788338E29F6A}"
EndProject
Global
	GlobalSection(SolutionConfigurationPlatforms) = preSolution
		Debug|Any CPU = Debug|Any CPU
		Release|Any CPU = Release|Any CPU
	EndGlobalSection
	GlobalSection(ProjectConfigurationPlatforms) = postSolution
		{F6243ED9-DA75-4361-95CE-788338E29F6A}.Debug|Any CPU.ActiveCfg = Debug|Any CPU
		{F6243ED9-DA75-4361-95CE-788338E29F6A}.Debug|Any CPU.Build.0 = Debug|Any CPU
		{F6243ED9-DA75-4361-95CE-788338E29F6A}.Release|Any CPU.ActiveCfg = Release|Any CPU
		{F6243ED9-DA75-4361-95CE-788338E29F6A}.Release|Any CPU.Build.0 = Release|Any CPU
	EndGlobalSection
	GlobalSection(SolutionProperties) = preSolution
		HideSolutionNode = FALSE
	EndGlobalSection
	GlobalSection(ExtensibilityGlobals) = postSolution
		SolutionGuid = {C87ED756-708F-4E41-967C-CDB149CF63D5}
	EndGlobalSection
EndGlobal
